
Microsoft Visual Studio Solution File, Format Version 12.00
# Visual Studio Version 17
VisualStudioVersion = 17.4.33110.190
MinimumVisualStudioVersion = 10.0.40219.1
Project("{FAE04EC0-301F-11D3-BF4B-00C04F79EFBC}") = "DevApp.UI.Site", "scr\DevApp.UI.Site\DevApp.UI.Site.csproj", "{BEBE26D4-8D22-4B60-909C-87E24B73AEA0}"
EndProject
Global
	GlobalSection(SolutionConfigurationPlatforms) = preSolution
		Debug|Any CPU = Debug|Any CPU
		Release|Any CPU = Release|Any CPU
	EndGlobalSection
	GlobalSection(ProjectConfigurationPlatforms) = postSolution
		{BEBE26D4-8D22-4B60-909C-87E24B73AEA0}.Debug|Any CPU.ActiveCfg = Debug|Any CPU
		{BEBE26D4-8D22-4B60-909C-87E24B73AEA0}.Debug|Any CPU.Build.0 = Debug|Any CPU
		{BEBE26D4-8D22-4B60-909C-87E24B73AEA0}.Release|Any CPU.ActiveCfg = Release|Any CPU
		{BEBE26D4-8D22-4B60-909C-87E24B73AEA0}.Release|Any CPU.Build.0 = Release|Any CPU
	EndGlobalSection
	GlobalSection(SolutionProperties) = preSolution
		HideSolutionNode = FALSE
	EndGlobalSection
	GlobalSection(ExtensibilityGlobals) = postSolution
		SolutionGuid = {5F157F02-DB10-4DFA-B39E-98A894775943}
	EndGlobalSection
EndGlobal
